// !$*UTF8*$!
{
	archiveVersion = 1;
	classes = {
	};
	objectVersion = 56;
	objects = {

/* Begin PBXBuildFile section */
		6000DA0B2A55A31600F571EB /* AppDelegate.swift in Sources */ = {isa = PBXBuildFile; fileRef = 6000DA0A2A55A31600F571EB /* AppDelegate.swift */; };
		6000DA0D2A55A31600F571EB /* SceneDelegate.swift in Sources */ = {isa = PBXBuildFile; fileRef = 6000DA0C2A55A31600F571EB /* SceneDelegate.swift */; };
		6000DA0F2A55A31600F571EB /* ViewController.swift in Sources */ = {isa = PBXBuildFile; fileRef = 6000DA0E2A55A31600F571EB /* ViewController.swift */; };
		6000DA122A55A31600F571EB /* Main.storyboard in Resources */ = {isa = PBXBuildFile; fileRef = 6000DA102A55A31600F571EB /* Main.storyboard */; };
		6000DA142A55A31700F571EB /* Assets.xcassets in Resources */ = {isa = PBXBuildFile; fileRef = 6000DA132A55A31700F571EB /* Assets.xcassets */; };
		6000DA172A55A31700F571EB /* LaunchScreen.storyboard in Resources */ = {isa = PBXBuildFile; fileRef = 6000DA152A55A31700F571EB /* LaunchScreen.storyboard */; };
		601535202A5EE93E00B4C623 /* Model.swift in Sources */ = {isa = PBXBuildFile; fileRef = 6015351F2A5EE93E00B4C623 /* Model.swift */; };
		601535232A5EEA9000B4C623 /* Controller.swift in Sources */ = {isa = PBXBuildFile; fileRef = 601535222A5EEA9000B4C623 /* Controller.swift */; };
		608FD5462A7A8EAC007D3D26 /* chouseViewController.swift in Sources */ = {isa = PBXBuildFile; fileRef = 608FD5452A7A8EAC007D3D26 /* chouseViewController.swift */; };
		608FD54A2A7A9524007D3D26 /* winViewController.swift in Sources */ = {isa = PBXBuildFile; fileRef = 608FD5492A7A9524007D3D26 /* winViewController.swift */; };
		608FD54C2A7A98F8007D3D26 /* Database.swift in Sources */ = {isa = PBXBuildFile; fileRef = 608FD54B2A7A98F8007D3D26 /* Database.swift */; };
		60AC33A92A7152CE00F9D0D1 /* RatingViewController.swift in Sources */ = {isa = PBXBuildFile; fileRef = 60AC33A82A7152CE00F9D0D1 /* RatingViewController.swift */; };
		60AC33AB2A7154E200F9D0D1 /* RatingCell.swift in Sources */ = {isa = PBXBuildFile; fileRef = 60AC33AA2A7154E200F9D0D1 /* RatingCell.swift */; };
		60AC33AF2A71562F00F9D0D1 /* Rating.swift in Sources */ = {isa = PBXBuildFile; fileRef = 60AC33AE2A71562F00F9D0D1 /* Rating.swift */; };
		60C6030B2A681C21003E495C /* StartViewController.swift in Sources */ = {isa = PBXBuildFile; fileRef = 60C6030A2A681C21003E495C /* StartViewController.swift */; };
/* End PBXBuildFile section */

/* Begin PBXFileReference section */
		6000DA072A55A31600F571EB /* Hello_lesson1.app */ = {isa = PBXFileReference; explicitFileType = wrapper.application; includeInIndex = 0; path = Hello_lesson1.app; sourceTree = BUILT_PRODUCTS_DIR; };
		6000DA0A2A55A31600F571EB /* AppDelegate.swift */ = {isa = PBXFileReference; lastKnownFileType = sourcecode.swift; path = AppDelegate.swift; sourceTree = "<group>"; };
		6000DA0C2A55A31600F571EB /* SceneDelegate.swift */ = {isa = PBXFileReference; lastKnownFileType = sourcecode.swift; path = SceneDelegate.swift; sourceTree = "<group>"; };
		6000DA0E2A55A31600F571EB /* ViewController.swift */ = {isa = PBXFileReference; lastKnownFileType = sourcecode.swift; path = ViewController.swift; sourceTree = "<group>"; };
		6000DA112A55A31600F571EB /* Base */ = {isa = PBXFileReference; lastKnownFileType = file.storyboard; name = Base; path = Base.lproj/Main.storyboard; sourceTree = "<group>"; };
		6000DA132A55A31700F571EB /* Assets.xcassets */ = {isa = PBXFileReference; lastKnownFileType = folder.assetcatalog; path = Assets.xcassets; sourceTree = "<group>"; };
		6000DA162A55A31700F571EB /* Base */ = {isa = PBXFileReference; lastKnownFileType = file.storyboard; name = Base; path = Base.lproj/LaunchScreen.storyboard; sourceTree = "<group>"; };
		6000DA182A55A31700F571EB /* Info.plist */ = {isa = PBXFileReference; lastKnownFileType = text.plist.xml; path = Info.plist; sourceTree = "<group>"; };
		6015351F2A5EE93E00B4C623 /* Model.swift */ = {isa = PBXFileReference; lastKnownFileType = sourcecode.swift; path = Model.swift; sourceTree = "<group>"; };
		601535222A5EEA9000B4C623 /* Controller.swift */ = {isa = PBXFileReference; lastKnownFileType = sourcecode.swift; path = Controller.swift; sourceTree = "<group>"; };
		608FD5452A7A8EAC007D3D26 /* chouseViewController.swift */ = {isa = PBXFileReference; lastKnownFileType = sourcecode.swift; path = chouseViewController.swift; sourceTree = "<group>"; };
		608FD5492A7A9524007D3D26 /* winViewController.swift */ = {isa = PBXFileReference; lastKnownFileType = sourcecode.swift; path = winViewController.swift; sourceTree = "<group>"; };
		608FD54B2A7A98F8007D3D26 /* Database.swift */ = {isa = PBXFileReference; lastKnownFileType = sourcecode.swift; path = Database.swift; sourceTree = "<group>"; };
		60AC33A82A7152CE00F9D0D1 /* RatingViewController.swift */ = {isa = PBXFileReference; lastKnownFileType = sourcecode.swift; path = RatingViewController.swift; sourceTree = "<group>"; };
		60AC33AA2A7154E200F9D0D1 /* RatingCell.swift */ = {isa = PBXFileReference; lastKnownFileType = sourcecode.swift; path = RatingCell.swift; sourceTree = "<group>"; };
		60AC33AE2A71562F00F9D0D1 /* Rating.swift */ = {isa = PBXFileReference; lastKnownFileType = sourcecode.swift; path = Rating.swift; sourceTree = "<group>"; };
		60C6030A2A681C21003E495C /* StartViewController.swift */ = {isa = PBXFileReference; lastKnownFileType = sourcecode.swift; path = StartViewController.swift; sourceTree = "<group>"; };
/* End PBXFileReference section */

/* Begin PBXFrameworksBuildPhase section */
		6000DA042A55A31600F571EB /* Frameworks */ = {
			isa = PBXFrameworksBuildPhase;
			buildActionMask = 2147483647;
			files = (
			);
			runOnlyForDeploymentPostprocessing = 0;
		};
/* End PBXFrameworksBuildPhase section */

/* Begin PBXGroup section */
		6000D9FE2A55A31600F571EB = {
			isa = PBXGroup;
			children = (
				608FD54B2A7A98F8007D3D26 /* Database.swift */,
				6000DA092A55A31600F571EB /* Hello_lesson1 */,
				6000DA082A55A31600F571EB /* Products */,
			);
			sourceTree = "<group>";
		};
		6000DA082A55A31600F571EB /* Products */ = {
			isa = PBXGroup;
			children = (
				6000DA072A55A31600F571EB /* Hello_lesson1.app */,
			);
			name = Products;
			sourceTree = "<group>";
		};
		6000DA092A55A31600F571EB /* Hello_lesson1 */ = {
			isa = PBXGroup;
			children = (
				6000DA0A2A55A31600F571EB /* AppDelegate.swift */,
				6000DA0C2A55A31600F571EB /* SceneDelegate.swift */,
				6000DA0E2A55A31600F571EB /* ViewController.swift */,
				6000DA102A55A31600F571EB /* Main.storyboard */,
				6000DA132A55A31700F571EB /* Assets.xcassets */,
				6000DA152A55A31700F571EB /* LaunchScreen.storyboard */,
				6000DA182A55A31700F571EB /* Info.plist */,
				6015351F2A5EE93E00B4C623 /* Model.swift */,
				601535222A5EEA9000B4C623 /* Controller.swift */,
				60C6030A2A681C21003E495C /* StartViewController.swift */,
				60AC33A82A7152CE00F9D0D1 /* RatingViewController.swift */,
				60AC33AA2A7154E200F9D0D1 /* RatingCell.swift */,
				60AC33AE2A71562F00F9D0D1 /* Rating.swift */,
				608FD5452A7A8EAC007D3D26 /* chouseViewController.swift */,
				608FD5492A7A9524007D3D26 /* winViewController.swift */,
			);
			path = Hello_lesson1;
			sourceTree = "<group>";
		};
/* End PBXGroup section */

/* Begin PBXNativeTarget section */
		6000DA062A55A31600F571EB /* Hello_lesson1 */ = {
			isa = PBXNativeTarget;
			buildConfigurationList = 6000DA1B2A55A31700F571EB /* Build configuration list for PBXNativeTarget "Hello_lesson1" */;
			buildPhases = (
				6000DA032A55A31600F571EB /* Sources */,
				6000DA042A55A31600F571EB /* Frameworks */,
				6000DA052A55A31600F571EB /* Resources */,
			);
			buildRules = (
			);
			dependencies = (
			);
			name = Hello_lesson1;
			productName = Hello_lesson1;
			productReference = 6000DA072A55A31600F571EB /* Hello_lesson1.app */;
			productType = "com.apple.product-type.application";
		};
/* End PBXNativeTarget section */

/* Begin PBXProject section */
		6000D9FF2A55A31600F571EB /* Project object */ = {
			isa = PBXProject;
			attributes = {
				BuildIndependentTargetsInParallel = 1;
				LastSwiftUpdateCheck = 1430;
				LastUpgradeCheck = 1430;
				TargetAttributes = {
					6000DA062A55A31600F571EB = {
						CreatedOnToolsVersion = 14.3;
					};
				};
			};
			buildConfigurationList = 6000DA022A55A31600F571EB /* Build configuration list for PBXProject "Hello_lesson1" */;
			compatibilityVersion = "Xcode 14.0";
			developmentRegion = en;
			hasScannedForEncodings = 0;
			knownRegions = (
				en,
				Base,
			);
			mainGroup = 6000D9FE2A55A31600F571EB;
			productRefGroup = 6000DA082A55A31600F571EB /* Products */;
			projectDirPath = "";
			projectRoot = "";
			targets = (
				6000DA062A55A31600F571EB /* Hello_lesson1 */,
			);
		};
/* End PBXProject section */

/* Begin PBXResourcesBuildPhase section */
		6000DA052A55A31600F571EB /* Resources */ = {
			isa = PBXResourcesBuildPhase;
			buildActionMask = 2147483647;
			files = (
				6000DA172A55A31700F571EB /* LaunchScreen.storyboard in Resources */,
				6000DA142A55A31700F571EB /* Assets.xcassets in Resources */,
				6000DA122A55A31600F571EB /* Main.storyboard in Resources */,
			);
			runOnlyForDeploymentPostprocessing = 0;
		};
/* End PBXResourcesBuildPhase section */

/* Begin PBXSourcesBuildPhase section */
		6000DA032A55A31600F571EB /* Sources */ = {
			isa = PBXSourcesBuildPhase;
			buildActionMask = 2147483647;
			files = (
				60AC33AB2A7154E200F9D0D1 /* RatingCell.swift in Sources */,
				608FD5462A7A8EAC007D3D26 /* chouseViewController.swift in Sources */,
				601535232A5EEA9000B4C623 /* Controller.swift in Sources */,
				6000DA0F2A55A31600F571EB /* ViewController.swift in Sources */,
				6000DA0B2A55A31600F571EB /* AppDelegate.swift in Sources */,
				6000DA0D2A55A31600F571EB /* SceneDelegate.swift in Sources */,
				608FD54C2A7A98F8007D3D26 /* Database.swift in Sources */,
				608FD54A2A7A9524007D3D26 /* winViewController.swift in Sources */,
				601535202A5EE93E00B4C623 /* Model.swift in Sources */,
				60AC33AF2A71562F00F9D0D1 /* Rating.swift in Sources */,
				60C6030B2A681C21003E495C /* StartViewController.swift in Sources */,
				60AC33A92A7152CE00F9D0D1 /* RatingViewController.swift in Sources */,
			);
			runOnlyForDeploymentPostprocessing = 0;
		};
/* End PBXSourcesBuildPhase section */

/* Begin PBXVariantGroup section */
		6000DA102A55A31600F571EB /* Main.storyboard */ = {
			isa = PBXVariantGroup;
			children = (
				6000DA112A55A31600F571EB /* Base */,
			);
			name = Main.storyboard;
			sourceTree = "<group>";
		};
		6000DA152A55A31700F571EB /* LaunchScreen.storyboard */ = {
			isa = PBXVariantGroup;
			children = (
				6000DA162A55A31700F571EB /* Base */,
			);
			name = LaunchScreen.storyboard;
			sourceTree = "<group>";
		};
/* End PBXVariantGroup section */

/* Begin XCBuildConfiguration section */
		6000DA192A55A31700F571EB /* Debug */ = {
			isa = XCBuildConfiguration;
			buildSettings = {
				ALWAYS_SEARCH_USER_PATHS = NO;
				CLANG_ANALYZER_NONNULL = YES;
				CLANG_ANALYZER_NUMBER_OBJECT_CONVERSION = YES_AGGRESSIVE;
				CLANG_CXX_LANGUAGE_STANDARD = "gnu++20";
				CLANG_ENABLE_MODULES = YES;
				CLANG_ENABLE_OBJC_ARC = YES;
				CLANG_ENABLE_OBJC_WEAK = YES;
				CLANG_WARN_BLOCK_CAPTURE_AUTORELEASING = YES;
				CLANG_WARN_BOOL_CONVERSION = YES;
				CLANG_WARN_COMMA = YES;
				CLANG_WARN_CONSTANT_CONVERSION = YES;
				CLANG_WARN_DEPRECATED_OBJC_IMPLEMENTATIONS = YES;
				CLANG_WARN_DIRECT_OBJC_ISA_USAGE = YES_ERROR;
				CLANG_WARN_DOCUMENTATION_COMMENTS = YES;
				CLANG_WARN_EMPTY_BODY = YES;
				CLANG_WARN_ENUM_CONVERSION = YES;
				CLANG_WARN_INFINITE_RECURSION = YES;
				CLANG_WARN_INT_CONVERSION = YES;
				CLANG_WARN_NON_LITERAL_NULL_CONVERSION = YES;
				CLANG_WARN_OBJC_IMPLICIT_RETAIN_SELF = YES;
				CLANG_WARN_OBJC_LITERAL_CONVERSION = YES;
				CLANG_WARN_OBJC_ROOT_CLASS = YES_ERROR;
				CLANG_WARN_QUOTED_INCLUDE_IN_FRAMEWORK_HEADER = YES;
				CLANG_WARN_RANGE_LOOP_ANALYSIS = YES;
				CLANG_WARN_STRICT_PROTOTYPES = YES;
				CLANG_WARN_SUSPICIOUS_MOVE = YES;
				CLANG_WARN_UNGUARDED_AVAILABILITY = YES_AGGRESSIVE;
				CLANG_WARN_UNREACHABLE_CODE = YES;
				CLANG_WARN__DUPLICATE_METHOD_MATCH = YES;
				COPY_PHASE_STRIP = NO;
				DEBUG_INFORMATION_FORMAT = dwarf;
				ENABLE_STRICT_OBJC_MSGSEND = YES;
				ENABLE_TESTABILITY = YES;
				GCC_C_LANGUAGE_STANDARD = gnu11;
				GCC_DYNAMIC_NO_PIC = NO;
				GCC_NO_COMMON_BLOCKS = YES;
				GCC_OPTIMIZATION_LEVEL = 0;
				GCC_PREPROCESSOR_DEFINITIONS = (
					"DEBUG=1",
					"$(inherited)",
				);
				GCC_WARN_64_TO_32_BIT_CONVERSION = YES;
				GCC_WARN_ABOUT_RETURN_TYPE = YES_ERROR;
				GCC_WARN_UNDECLARED_SELECTOR = YES;
				GCC_WARN_UNINITIALIZED_AUTOS = YES_AGGRESSIVE;
				GCC_WARN_UNUSED_FUNCTION = YES;
				GCC_WARN_UNUSED_VARIABLE = YES;
				IPHONEOS_DEPLOYMENT_TARGET = 16.4;
				MTL_ENABLE_DEBUG_INFO = INCLUDE_SOURCE;
				MTL_FAST_MATH = YES;
				ONLY_ACTIVE_ARCH = YES;
				SDKROOT = iphoneos;
				SWIFT_ACTIVE_COMPILATION_CONDITIONS = DEBUG;
				SWIFT_OPTIMIZATION_LEVEL = "-Onone";
			};
			name = Debug;
		};
		6000DA1A2A55A31700F571EB /* Release */ = {
			isa = XCBuildConfiguration;
			buildSettings = {
				ALWAYS_SEARCH_USER_PATHS = NO;
				CLANG_ANALYZER_NONNULL = YES;
				CLANG_ANALYZER_NUMBER_OBJECT_CONVERSION = YES_AGGRESSIVE;
				CLANG_CXX_LANGUAGE_STANDARD = "gnu++20";
				CLANG_ENABLE_MODULES = YES;
				CLANG_ENABLE_OBJC_ARC = YES;
				CLANG_ENABLE_OBJC_WEAK = YES;
				CLANG_WARN_BLOCK_CAPTURE_AUTORELEASING = YES;
				CLANG_WARN_BOOL_CONVERSION = YES;
				CLANG_WARN_COMMA = YES;
				CLANG_WARN_CONSTANT_CONVERSION = YES;
				CLANG_WARN_DEPRECATED_OBJC_IMPLEMENTATIONS = YES;
				CLANG_WARN_DIRECT_OBJC_ISA_USAGE = YES_ERROR;
				CLANG_WARN_DOCUMENTATION_COMMENTS = YES;
				CLANG_WARN_EMPTY_BODY = YES;
				CLANG_WARN_ENUM_CONVERSION = YES;
				CLANG_WARN_INFINITE_RECURSION = YES;
				CLANG_WARN_INT_CONVERSION = YES;
				CLANG_WARN_NON_LITERAL_NULL_CONVERSION = YES;
				CLANG_WARN_OBJC_IMPLICIT_RETAIN_SELF = YES;
				CLANG_WARN_OBJC_LITERAL_CONVERSION = YES;
				CLANG_WARN_OBJC_ROOT_CLASS = YES_ERROR;
				CLANG_WARN_QUOTED_INCLUDE_IN_FRAMEWORK_HEADER = YES;
				CLANG_WARN_RANGE_LOOP_ANALYSIS = YES;
				CLANG_WARN_STRICT_PROTOTYPES = YES;
				CLANG_WARN_SUSPICIOUS_MOVE = YES;
				CLANG_WARN_UNGUARDED_AVAILABILITY = YES_AGGRESSIVE;
				CLANG_WARN_UNREACHABLE_CODE = YES;
				CLANG_WARN__DUPLICATE_METHOD_MATCH = YES;
				COPY_PHASE_STRIP = NO;
				DEBUG_INFORMATION_FORMAT = "dwarf-with-dsym";
				ENABLE_NS_ASSERTIONS = NO;
				ENABLE_STRICT_OBJC_MSGSEND = YES;
				GCC_C_LANGUAGE_STANDARD = gnu11;
				GCC_NO_COMMON_BLOCKS = YES;
				GCC_WARN_64_TO_32_BIT_CONVERSION = YES;
				GCC_WARN_ABOUT_RETURN_TYPE = YES_ERROR;
				GCC_WARN_UNDECLARED_SELECTOR = YES;
				GCC_WARN_UNINITIALIZED_AUTOS = YES_AGGRESSIVE;
				GCC_WARN_UNUSED_FUNCTION = YES;
				GCC_WARN_UNUSED_VARIABLE = YES;
				IPHONEOS_DEPLOYMENT_TARGET = 16.4;
				MTL_ENABLE_DEBUG_INFO = NO;
				MTL_FAST_MATH = YES;
				SDKROOT = iphoneos;
				SWIFT_COMPILATION_MODE = wholemodule;
				SWIFT_OPTIMIZATION_LEVEL = "-O";
				VALIDATE_PRODUCT = YES;
			};
			name = Release;
		};
		6000DA1C2A55A31700F571EB /* Debug */ = {
			isa = XCBuildConfiguration;
			buildSettings = {
				ASSETCATALOG_COMPILER_APPICON_NAME = AppIcon;
				ASSETCATALOG_COMPILER_GLOBAL_ACCENT_COLOR_NAME = AccentColor;
				CODE_SIGN_STYLE = Automatic;
				CURRENT_PROJECT_VERSION = 1;
				DEVELOPMENT_TEAM = RPHQVA522K;
				GENERATE_INFOPLIST_FILE = YES;
				INFOPLIST_FILE = Hello_lesson1/Info.plist;
				INFOPLIST_KEY_UIApplicationSupportsIndirectInputEvents = YES;
				INFOPLIST_KEY_UILaunchStoryboardName = LaunchScreen;
				INFOPLIST_KEY_UIMainStoryboardFile = Main;
				INFOPLIST_KEY_UISupportedInterfaceOrientations_iPad = "UIInterfaceOrientationPortrait UIInterfaceOrientationPortraitUpsideDown UIInterfaceOrientationLandscapeLeft UIInterfaceOrientationLandscapeRight";
				INFOPLIST_KEY_UISupportedInterfaceOrientations_iPhone = "UIInterfaceOrientationPortrait UIInterfaceOrientationLandscapeLeft UIInterfaceOrientationLandscapeRight";
				LD_RUNPATH_SEARCH_PATHS = (
					"$(inherited)",
					"@executable_path/Frameworks",
				);
				MARKETING_VERSION = 1.0;
				PRODUCT_BUNDLE_IDENTIFIER = "-.Hello-lesson1";
				PRODUCT_NAME = "$(TARGET_NAME)";
				SWIFT_EMIT_LOC_STRINGS = YES;
				SWIFT_VERSION = 5.0;
				TARGETED_DEVICE_FAMILY = "1,2";
			};
			name = Debug;
		};
		6000DA1D2A55A31700F571EB /* Release */ = {
			isa = XCBuildConfiguration;
			buildSettings = {
				ASSETCATALOG_COMPILER_APPICON_NAME = AppIcon;
				ASSETCATALOG_COMPILER_GLOBAL_ACCENT_COLOR_NAME = AccentColor;
				CODE_SIGN_STYLE = Automatic;
				CURRENT_PROJECT_VERSION = 1;
				DEVELOPMENT_TEAM = RPHQVA522K;
				GENERATE_INFOPLIST_FILE = YES;
				INFOPLIST_FILE = Hello_lesson1/Info.plist;
				INFOPLIST_KEY_UIApplicationSupportsIndirectInputEvents = YES;
				INFOPLIST_KEY_UILaunchStoryboardName = LaunchScreen;
				INFOPLIST_KEY_UIMainStoryboardFile = Main;
				INFOPLIST_KEY_UISupportedInterfaceOrientations_iPad = "UIInterfaceOrientationPortrait UIInterfaceOrientationPortraitUpsideDown UIInterfaceOrientationLandscapeLeft UIInterfaceOrientationLandscapeRight";
				INFOPLIST_KEY_UISupportedInterfaceOrientations_iPhone = "UIInterfaceOrientationPortrait UIInterfaceOrientationLandscapeLeft UIInterfaceOrientationLandscapeRight";
				LD_RUNPATH_SEARCH_PATHS = (
					"$(inherited)",
					"@executable_path/Frameworks",
				);
				MARKETING_VERSION = 1.0;
				PRODUCT_BUNDLE_IDENTIFIER = "-.Hello-lesson1";
				PRODUCT_NAME = "$(TARGET_NAME)";
				SWIFT_EMIT_LOC_STRINGS = YES;
				SWIFT_VERSION = 5.0;
				TARGETED_DEVICE_FAMILY = "1,2";
			};
			name = Release;
		};
/* End XCBuildConfiguration section */

/* Begin XCConfigurationList section */
		6000DA022A55A31600F571EB /* Build configuration list for PBXProject "Hello_lesson1" */ = {
			isa = XCConfigurationList;
			buildConfigurations = (
				6000DA192A55A31700F571EB /* Debug */,
				6000DA1A2A55A31700F571EB /* Release */,
			);
			defaultConfigurationIsVisible = 0;
			defaultConfigurationName = Release;
		};
		6000DA1B2A55A31700F571EB /* Build configuration list for PBXNativeTarget "Hello_lesson1" */ = {
			isa = XCConfigurationList;
			buildConfigurations = (
				6000DA1C2A55A31700F571EB /* Debug */,
				6000DA1D2A55A31700F571EB /* Release */,
			);
			defaultConfigurationIsVisible = 0;
			defaultConfigurationName = Release;
		};
/* End XCConfigurationList section */
	};
	rootObject = 6000D9FF2A55A31600F571EB /* Project object */;
}
